
Microsoft Visual Studio Solution File, Format Version 12.00
# Visual Studio Version 17
VisualStudioVersion = 17.4.33015.44
MinimumVisualStudioVersion = 10.0.40219.1
Project("{FAE04EC0-301F-11D3-BF4B-00C04F79EFBC}") = "StaticSiteServer", "StaticSiteServer\StaticSiteServer.csproj", "{4564DB85-4DB5-47C1-9FC2-CD82C25CBCD9}"
EndProject
Global
	GlobalSection(SolutionConfigurationPlatforms) = preSolution
		Debug|Any CPU = Debug|Any CPU
		Release|Any CPU = Release|Any CPU
	EndGlobalSection
	GlobalSection(ProjectConfigurationPlatforms) = postSolution
		{4564DB85-4DB5-47C1-9FC2-CD82C25CBCD9}.Debug|Any CPU.ActiveCfg = Debug|Any CPU
		{4564DB85-4DB5-47C1-9FC2-CD82C25CBCD9}.Debug|Any CPU.Build.0 = Debug|Any CPU
		{4564DB85-4DB5-47C1-9FC2-CD82C25CBCD9}.Release|Any CPU.ActiveCfg = Release|Any CPU
		{4564DB85-4DB5-47C1-9FC2-CD82C25CBCD9}.Release|Any CPU.Build.0 = Release|Any CPU
	EndGlobalSection
	GlobalSection(SolutionProperties) = preSolution
		HideSolutionNode = FALSE
	EndGlobalSection
	GlobalSection(ExtensibilityGlobals) = postSolution
		SolutionGuid = {09BFE332-9A3E-428E-A733-7F451BB50CAE}
	EndGlobalSection
EndGlobal
